// !$*UTF8*$!
{
	archiveVersion = 1;
	classes = {
	};
	objectVersion = 56;
	objects = {

/* Begin PBXBuildFile section */
		6378660B2C59A29800F0B56E /* AppDelegate.swift in Sources */ = {isa = PBXBuildFile; fileRef = 6378660A2C59A29800F0B56E /* AppDelegate.swift */; };
		6378660D2C59A29800F0B56E /* SceneDelegate.swift in Sources */ = {isa = PBXBuildFile; fileRef = 6378660C2C59A29800F0B56E /* SceneDelegate.swift */; };
		637866142C59A29900F0B56E /* Assets.xcassets in Resources */ = {isa = PBXBuildFile; fileRef = 637866132C59A29900F0B56E /* Assets.xcassets */; };
		637866172C59A29900F0B56E /* Base in Resources */ = {isa = PBXBuildFile; fileRef = 637866162C59A29900F0B56E /* Base */; };
		6378661F2C59D9F900F0B56E /* SearchViewController.swift in Sources */ = {isa = PBXBuildFile; fileRef = 6378661E2C59D9F900F0B56E /* SearchViewController.swift */; };
		637866212C59DAB900F0B56E /* FavoritesListViewController.swift in Sources */ = {isa = PBXBuildFile; fileRef = 637866202C59DAB900F0B56E /* FavoritesListViewController.swift */; };
		637866242C59E3AC00F0B56E /* GptButton.swift in Sources */ = {isa = PBXBuildFile; fileRef = 637866232C59E3AC00F0B56E /* GptButton.swift */; };
		637866262C59E90700F0B56E /* GptTextField.swift in Sources */ = {isa = PBXBuildFile; fileRef = 637866252C59E90700F0B56E /* GptTextField.swift */; };
		637866292C5C44D200F0B56E /* FollowersViewController.swift in Sources */ = {isa = PBXBuildFile; fileRef = 637866282C5C44D200F0B56E /* FollowersViewController.swift */; };
		6378662B2C5D14DD00F0B56E /* GptTitleLabel.swift in Sources */ = {isa = PBXBuildFile; fileRef = 6378662A2C5D14DD00F0B56E /* GptTitleLabel.swift */; };
		6378662D2C5D181F00F0B56E /* GptBodyLabel.swift in Sources */ = {isa = PBXBuildFile; fileRef = 6378662C2C5D181F00F0B56E /* GptBodyLabel.swift */; };
		6378662F2C5D19F600F0B56E /* GptAlertViewController.swift in Sources */ = {isa = PBXBuildFile; fileRef = 6378662E2C5D19F600F0B56E /* GptAlertViewController.swift */; };
		637866312C5F37E900F0B56E /* ViewController+ext.swift in Sources */ = {isa = PBXBuildFile; fileRef = 637866302C5F37E900F0B56E /* ViewController+ext.swift */; };
		637866362C62C70300F0B56E /* Follower.swift in Sources */ = {isa = PBXBuildFile; fileRef = 637866352C62C70300F0B56E /* Follower.swift */; };
		637866382C62C84D00F0B56E /* User.swift in Sources */ = {isa = PBXBuildFile; fileRef = 637866372C62C84D00F0B56E /* User.swift */; };
		6378663B2C62CD8D00F0B56E /* NetworkManager.swift in Sources */ = {isa = PBXBuildFile; fileRef = 6378663A2C62CD8D00F0B56E /* NetworkManager.swift */; };
		6378663E2C62E15200F0B56E /* GPTError.swift in Sources */ = {isa = PBXBuildFile; fileRef = 6378663D2C62E15200F0B56E /* GPTError.swift */; };
		637866442C62F05700F0B56E /* FollowersCell.swift in Sources */ = {isa = PBXBuildFile; fileRef = 637866432C62F05700F0B56E /* FollowersCell.swift */; };
		637866472C62F21900F0B56E /* GptImageView.swift in Sources */ = {isa = PBXBuildFile; fileRef = 637866462C62F21900F0B56E /* GptImageView.swift */; };
/* End PBXBuildFile section */

/* Begin PBXFileReference section */
		637866072C59A29800F0B56E /* GithubProjectTutorial.app */ = {isa = PBXFileReference; explicitFileType = wrapper.application; includeInIndex = 0; path = GithubProjectTutorial.app; sourceTree = BUILT_PRODUCTS_DIR; };
		6378660A2C59A29800F0B56E /* AppDelegate.swift */ = {isa = PBXFileReference; lastKnownFileType = sourcecode.swift; path = AppDelegate.swift; sourceTree = "<group>"; };
		6378660C2C59A29800F0B56E /* SceneDelegate.swift */ = {isa = PBXFileReference; lastKnownFileType = sourcecode.swift; path = SceneDelegate.swift; sourceTree = "<group>"; };
		637866132C59A29900F0B56E /* Assets.xcassets */ = {isa = PBXFileReference; lastKnownFileType = folder.assetcatalog; path = Assets.xcassets; sourceTree = "<group>"; };
		637866162C59A29900F0B56E /* Base */ = {isa = PBXFileReference; lastKnownFileType = file.storyboard; name = Base; path = Base.lproj/LaunchScreen.storyboard; sourceTree = "<group>"; };
		637866182C59A29900F0B56E /* Info.plist */ = {isa = PBXFileReference; lastKnownFileType = text.plist.xml; path = Info.plist; sourceTree = "<group>"; };
		6378661E2C59D9F900F0B56E /* SearchViewController.swift */ = {isa = PBXFileReference; lastKnownFileType = sourcecode.swift; path = SearchViewController.swift; sourceTree = "<group>"; };
		637866202C59DAB900F0B56E /* FavoritesListViewController.swift */ = {isa = PBXFileReference; lastKnownFileType = sourcecode.swift; path = FavoritesListViewController.swift; sourceTree = "<group>"; };
		637866232C59E3AC00F0B56E /* GptButton.swift */ = {isa = PBXFileReference; lastKnownFileType = sourcecode.swift; path = GptButton.swift; sourceTree = "<group>"; };
		637866252C59E90700F0B56E /* GptTextField.swift */ = {isa = PBXFileReference; lastKnownFileType = sourcecode.swift; path = GptTextField.swift; sourceTree = "<group>"; };
		637866282C5C44D200F0B56E /* FollowersViewController.swift */ = {isa = PBXFileReference; lastKnownFileType = sourcecode.swift; path = FollowersViewController.swift; sourceTree = "<group>"; };
		6378662A2C5D14DD00F0B56E /* GptTitleLabel.swift */ = {isa = PBXFileReference; lastKnownFileType = sourcecode.swift; path = GptTitleLabel.swift; sourceTree = "<group>"; };
		6378662C2C5D181F00F0B56E /* GptBodyLabel.swift */ = {isa = PBXFileReference; lastKnownFileType = sourcecode.swift; path = GptBodyLabel.swift; sourceTree = "<group>"; };
		6378662E2C5D19F600F0B56E /* GptAlertViewController.swift */ = {isa = PBXFileReference; lastKnownFileType = sourcecode.swift; path = GptAlertViewController.swift; sourceTree = "<group>"; };
		637866302C5F37E900F0B56E /* ViewController+ext.swift */ = {isa = PBXFileReference; lastKnownFileType = sourcecode.swift; path = "ViewController+ext.swift"; sourceTree = "<group>"; };
		637866352C62C70300F0B56E /* Follower.swift */ = {isa = PBXFileReference; lastKnownFileType = sourcecode.swift; path = Follower.swift; sourceTree = "<group>"; };
		637866372C62C84D00F0B56E /* User.swift */ = {isa = PBXFileReference; lastKnownFileType = sourcecode.swift; path = User.swift; sourceTree = "<group>"; };
		6378663A2C62CD8D00F0B56E /* NetworkManager.swift */ = {isa = PBXFileReference; lastKnownFileType = sourcecode.swift; path = NetworkManager.swift; sourceTree = "<group>"; };
		6378663D2C62E15200F0B56E /* GPTError.swift */ = {isa = PBXFileReference; lastKnownFileType = sourcecode.swift; path = GPTError.swift; sourceTree = "<group>"; };
		637866432C62F05700F0B56E /* FollowersCell.swift */ = {isa = PBXFileReference; lastKnownFileType = sourcecode.swift; path = FollowersCell.swift; sourceTree = "<group>"; };
		637866462C62F21900F0B56E /* GptImageView.swift */ = {isa = PBXFileReference; lastKnownFileType = sourcecode.swift; path = GptImageView.swift; sourceTree = "<group>"; };
/* End PBXFileReference section */

/* Begin PBXFrameworksBuildPhase section */
		637866042C59A29800F0B56E /* Frameworks */ = {
			isa = PBXFrameworksBuildPhase;
			buildActionMask = 2147483647;
			files = (
			);
			runOnlyForDeploymentPostprocessing = 0;
		};
/* End PBXFrameworksBuildPhase section */

/* Begin PBXGroup section */
		637865FE2C59A29800F0B56E = {
			isa = PBXGroup;
			children = (
				637866092C59A29800F0B56E /* GithubProjectTutorial */,
				637866082C59A29800F0B56E /* Products */,
			);
			sourceTree = "<group>";
		};
		637866082C59A29800F0B56E /* Products */ = {
			isa = PBXGroup;
			children = (
				637866072C59A29800F0B56E /* GithubProjectTutorial.app */,
			);
			name = Products;
			sourceTree = "<group>";
		};
		637866092C59A29800F0B56E /* GithubProjectTutorial */ = {
			isa = PBXGroup;
			children = (
				6378663C2C62E13600F0B56E /* utils */,
				637866392C62CD6600F0B56E /* managers */,
				637866342C62C6C900F0B56E /* models */,
				637866332C622EA800F0B56E /* extensions */,
				637866272C5C448500F0B56E /* ViewControllers */,
				637866222C59E35200F0B56E /* widgets */,
				6378660A2C59A29800F0B56E /* AppDelegate.swift */,
				6378660C2C59A29800F0B56E /* SceneDelegate.swift */,
				637866132C59A29900F0B56E /* Assets.xcassets */,
				637866152C59A29900F0B56E /* LaunchScreen.storyboard */,
				637866182C59A29900F0B56E /* Info.plist */,
			);
			path = GithubProjectTutorial;
			sourceTree = "<group>";
		};
		637866222C59E35200F0B56E /* widgets */ = {
			isa = PBXGroup;
			children = (
				637866422C62EFE800F0B56E /* labels */,
				637866412C62EFC300F0B56E /* buttons */,
				637866402C62EFB400F0B56E /* cells */,
				637866252C59E90700F0B56E /* GptTextField.swift */,
				637866462C62F21900F0B56E /* GptImageView.swift */,
			);
			path = widgets;
			sourceTree = "<group>";
		};
		637866272C5C448500F0B56E /* ViewControllers */ = {
			isa = PBXGroup;
			children = (
				6378661E2C59D9F900F0B56E /* SearchViewController.swift */,
				637866202C59DAB900F0B56E /* FavoritesListViewController.swift */,
				637866282C5C44D200F0B56E /* FollowersViewController.swift */,
				6378662E2C5D19F600F0B56E /* GptAlertViewController.swift */,
			);
			path = ViewControllers;
			sourceTree = "<group>";
		};
		637866332C622EA800F0B56E /* extensions */ = {
			isa = PBXGroup;
			children = (
				637866302C5F37E900F0B56E /* ViewController+ext.swift */,
			);
			path = extensions;
			sourceTree = "<group>";
		};
		637866342C62C6C900F0B56E /* models */ = {
			isa = PBXGroup;
			children = (
				637866352C62C70300F0B56E /* Follower.swift */,
				637866372C62C84D00F0B56E /* User.swift */,
			);
			path = models;
			sourceTree = "<group>";
		};
		637866392C62CD6600F0B56E /* managers */ = {
			isa = PBXGroup;
			children = (
				6378663A2C62CD8D00F0B56E /* NetworkManager.swift */,
			);
			path = managers;
			sourceTree = "<group>";
		};
		6378663C2C62E13600F0B56E /* utils */ = {
			isa = PBXGroup;
			children = (
				6378663D2C62E15200F0B56E /* GPTError.swift */,
			);
			path = utils;
			sourceTree = "<group>";
		};
		637866402C62EFB400F0B56E /* cells */ = {
			isa = PBXGroup;
			children = (
				637866432C62F05700F0B56E /* FollowersCell.swift */,
			);
			path = cells;
			sourceTree = "<group>";
		};
		637866412C62EFC300F0B56E /* buttons */ = {
			isa = PBXGroup;
			children = (
				637866232C59E3AC00F0B56E /* GptButton.swift */,
			);
			path = buttons;
			sourceTree = "<group>";
		};
		637866422C62EFE800F0B56E /* labels */ = {
			isa = PBXGroup;
			children = (
				6378662A2C5D14DD00F0B56E /* GptTitleLabel.swift */,
				6378662C2C5D181F00F0B56E /* GptBodyLabel.swift */,
			);
			path = labels;
			sourceTree = "<group>";
		};
/* End PBXGroup section */

/* Begin PBXNativeTarget section */
		637866062C59A29800F0B56E /* GithubProjectTutorial */ = {
			isa = PBXNativeTarget;
			buildConfigurationList = 6378661B2C59A29900F0B56E /* Build configuration list for PBXNativeTarget "GithubProjectTutorial" */;
			buildPhases = (
				637866032C59A29800F0B56E /* Sources */,
				637866042C59A29800F0B56E /* Frameworks */,
				637866052C59A29800F0B56E /* Resources */,
			);
			buildRules = (
			);
			dependencies = (
			);
			name = GithubProjectTutorial;
			productName = GithubProjectTutorial;
			productReference = 637866072C59A29800F0B56E /* GithubProjectTutorial.app */;
			productType = "com.apple.product-type.application";
		};
/* End PBXNativeTarget section */

/* Begin PBXProject section */
		637865FF2C59A29800F0B56E /* Project object */ = {
			isa = PBXProject;
			attributes = {
				BuildIndependentTargetsInParallel = 1;
				LastSwiftUpdateCheck = 1540;
				LastUpgradeCheck = 1540;
				TargetAttributes = {
					637866062C59A29800F0B56E = {
						CreatedOnToolsVersion = 15.4;
					};
				};
			};
			buildConfigurationList = 637866022C59A29800F0B56E /* Build configuration list for PBXProject "GithubProjectTutorial" */;
			compatibilityVersion = "Xcode 14.0";
			developmentRegion = en;
			hasScannedForEncodings = 0;
			knownRegions = (
				en,
				Base,
			);
			mainGroup = 637865FE2C59A29800F0B56E;
			productRefGroup = 637866082C59A29800F0B56E /* Products */;
			projectDirPath = "";
			projectRoot = "";
			targets = (
				637866062C59A29800F0B56E /* GithubProjectTutorial */,
			);
		};
/* End PBXProject section */

/* Begin PBXResourcesBuildPhase section */
		637866052C59A29800F0B56E /* Resources */ = {
			isa = PBXResourcesBuildPhase;
			buildActionMask = 2147483647;
			files = (
				637866142C59A29900F0B56E /* Assets.xcassets in Resources */,
				637866172C59A29900F0B56E /* Base in Resources */,
			);
			runOnlyForDeploymentPostprocessing = 0;
		};
/* End PBXResourcesBuildPhase section */

/* Begin PBXSourcesBuildPhase section */
		637866032C59A29800F0B56E /* Sources */ = {
			isa = PBXSourcesBuildPhase;
			buildActionMask = 2147483647;
			files = (
				637866382C62C84D00F0B56E /* User.swift in Sources */,
				6378661F2C59D9F900F0B56E /* SearchViewController.swift in Sources */,
				637866472C62F21900F0B56E /* GptImageView.swift in Sources */,
				6378660B2C59A29800F0B56E /* AppDelegate.swift in Sources */,
				637866292C5C44D200F0B56E /* FollowersViewController.swift in Sources */,
				6378662D2C5D181F00F0B56E /* GptBodyLabel.swift in Sources */,
				637866312C5F37E900F0B56E /* ViewController+ext.swift in Sources */,
				6378662B2C5D14DD00F0B56E /* GptTitleLabel.swift in Sources */,
				6378662F2C5D19F600F0B56E /* GptAlertViewController.swift in Sources */,
				6378663E2C62E15200F0B56E /* GPTError.swift in Sources */,
				637866362C62C70300F0B56E /* Follower.swift in Sources */,
				637866212C59DAB900F0B56E /* FavoritesListViewController.swift in Sources */,
				637866442C62F05700F0B56E /* FollowersCell.swift in Sources */,
				6378663B2C62CD8D00F0B56E /* NetworkManager.swift in Sources */,
				637866242C59E3AC00F0B56E /* GptButton.swift in Sources */,
				6378660D2C59A29800F0B56E /* SceneDelegate.swift in Sources */,
				637866262C59E90700F0B56E /* GptTextField.swift in Sources */,
			);
			runOnlyForDeploymentPostprocessing = 0;
		};
/* End PBXSourcesBuildPhase section */

/* Begin PBXVariantGroup section */
		637866152C59A29900F0B56E /* LaunchScreen.storyboard */ = {
			isa = PBXVariantGroup;
			children = (
				637866162C59A29900F0B56E /* Base */,
			);
			name = LaunchScreen.storyboard;
			sourceTree = "<group>";
		};
/* End PBXVariantGroup section */

/* Begin XCBuildConfiguration section */
		637866192C59A29900F0B56E /* Debug */ = {
			isa = XCBuildConfiguration;
			buildSettings = {
				ALWAYS_SEARCH_USER_PATHS = NO;
				ASSETCATALOG_COMPILER_GENERATE_SWIFT_ASSET_SYMBOL_EXTENSIONS = YES;
				CLANG_ANALYZER_NONNULL = YES;
				CLANG_ANALYZER_NUMBER_OBJECT_CONVERSION = YES_AGGRESSIVE;
				CLANG_CXX_LANGUAGE_STANDARD = "gnu++20";
				CLANG_ENABLE_MODULES = YES;
				CLANG_ENABLE_OBJC_ARC = YES;
				CLANG_ENABLE_OBJC_WEAK = YES;
				CLANG_WARN_BLOCK_CAPTURE_AUTORELEASING = YES;
				CLANG_WARN_BOOL_CONVERSION = YES;
				CLANG_WARN_COMMA = YES;
				CLANG_WARN_CONSTANT_CONVERSION = YES;
				CLANG_WARN_DEPRECATED_OBJC_IMPLEMENTATIONS = YES;
				CLANG_WARN_DIRECT_OBJC_ISA_USAGE = YES_ERROR;
				CLANG_WARN_DOCUMENTATION_COMMENTS = YES;
				CLANG_WARN_EMPTY_BODY = YES;
				CLANG_WARN_ENUM_CONVERSION = YES;
				CLANG_WARN_INFINITE_RECURSION = YES;
				CLANG_WARN_INT_CONVERSION = YES;
				CLANG_WARN_NON_LITERAL_NULL_CONVERSION = YES;
				CLANG_WARN_OBJC_IMPLICIT_RETAIN_SELF = YES;
				CLANG_WARN_OBJC_LITERAL_CONVERSION = YES;
				CLANG_WARN_OBJC_ROOT_CLASS = YES_ERROR;
				CLANG_WARN_QUOTED_INCLUDE_IN_FRAMEWORK_HEADER = YES;
				CLANG_WARN_RANGE_LOOP_ANALYSIS = YES;
				CLANG_WARN_STRICT_PROTOTYPES = YES;
				CLANG_WARN_SUSPICIOUS_MOVE = YES;
				CLANG_WARN_UNGUARDED_AVAILABILITY = YES_AGGRESSIVE;
				CLANG_WARN_UNREACHABLE_CODE = YES;
				CLANG_WARN__DUPLICATE_METHOD_MATCH = YES;
				COPY_PHASE_STRIP = NO;
				DEBUG_INFORMATION_FORMAT = dwarf;
				ENABLE_STRICT_OBJC_MSGSEND = YES;
				ENABLE_TESTABILITY = YES;
				ENABLE_USER_SCRIPT_SANDBOXING = YES;
				GCC_C_LANGUAGE_STANDARD = gnu17;
				GCC_DYNAMIC_NO_PIC = NO;
				GCC_NO_COMMON_BLOCKS = YES;
				GCC_OPTIMIZATION_LEVEL = 0;
				GCC_PREPROCESSOR_DEFINITIONS = (
					"DEBUG=1",
					"$(inherited)",
				);
				GCC_WARN_64_TO_32_BIT_CONVERSION = YES;
				GCC_WARN_ABOUT_RETURN_TYPE = YES_ERROR;
				GCC_WARN_UNDECLARED_SELECTOR = YES;
				GCC_WARN_UNINITIALIZED_AUTOS = YES_AGGRESSIVE;
				GCC_WARN_UNUSED_FUNCTION = YES;
				GCC_WARN_UNUSED_VARIABLE = YES;
				IPHONEOS_DEPLOYMENT_TARGET = 17.5;
				LOCALIZATION_PREFERS_STRING_CATALOGS = YES;
				MTL_ENABLE_DEBUG_INFO = INCLUDE_SOURCE;
				MTL_FAST_MATH = YES;
				ONLY_ACTIVE_ARCH = YES;
				SDKROOT = iphoneos;
				SWIFT_ACTIVE_COMPILATION_CONDITIONS = "DEBUG $(inherited)";
				SWIFT_OPTIMIZATION_LEVEL = "-Onone";
			};
			name = Debug;
		};
		6378661A2C59A29900F0B56E /* Release */ = {
			isa = XCBuildConfiguration;
			buildSettings = {
				ALWAYS_SEARCH_USER_PATHS = NO;
				ASSETCATALOG_COMPILER_GENERATE_SWIFT_ASSET_SYMBOL_EXTENSIONS = YES;
				CLANG_ANALYZER_NONNULL = YES;
				CLANG_ANALYZER_NUMBER_OBJECT_CONVERSION = YES_AGGRESSIVE;
				CLANG_CXX_LANGUAGE_STANDARD = "gnu++20";
				CLANG_ENABLE_MODULES = YES;
				CLANG_ENABLE_OBJC_ARC = YES;
				CLANG_ENABLE_OBJC_WEAK = YES;
				CLANG_WARN_BLOCK_CAPTURE_AUTORELEASING = YES;
				CLANG_WARN_BOOL_CONVERSION = YES;
				CLANG_WARN_COMMA = YES;
				CLANG_WARN_CONSTANT_CONVERSION = YES;
				CLANG_WARN_DEPRECATED_OBJC_IMPLEMENTATIONS = YES;
				CLANG_WARN_DIRECT_OBJC_ISA_USAGE = YES_ERROR;
				CLANG_WARN_DOCUMENTATION_COMMENTS = YES;
				CLANG_WARN_EMPTY_BODY = YES;
				CLANG_WARN_ENUM_CONVERSION = YES;
				CLANG_WARN_INFINITE_RECURSION = YES;
				CLANG_WARN_INT_CONVERSION = YES;
				CLANG_WARN_NON_LITERAL_NULL_CONVERSION = YES;
				CLANG_WARN_OBJC_IMPLICIT_RETAIN_SELF = YES;
				CLANG_WARN_OBJC_LITERAL_CONVERSION = YES;
				CLANG_WARN_OBJC_ROOT_CLASS = YES_ERROR;
				CLANG_WARN_QUOTED_INCLUDE_IN_FRAMEWORK_HEADER = YES;
				CLANG_WARN_RANGE_LOOP_ANALYSIS = YES;
				CLANG_WARN_STRICT_PROTOTYPES = YES;
				CLANG_WARN_SUSPICIOUS_MOVE = YES;
				CLANG_WARN_UNGUARDED_AVAILABILITY = YES_AGGRESSIVE;
				CLANG_WARN_UNREACHABLE_CODE = YES;
				CLANG_WARN__DUPLICATE_METHOD_MATCH = YES;
				COPY_PHASE_STRIP = NO;
				DEBUG_INFORMATION_FORMAT = "dwarf-with-dsym";
				ENABLE_NS_ASSERTIONS = NO;
				ENABLE_STRICT_OBJC_MSGSEND = YES;
				ENABLE_USER_SCRIPT_SANDBOXING = YES;
				GCC_C_LANGUAGE_STANDARD = gnu17;
				GCC_NO_COMMON_BLOCKS = YES;
				GCC_WARN_64_TO_32_BIT_CONVERSION = YES;
				GCC_WARN_ABOUT_RETURN_TYPE = YES_ERROR;
				GCC_WARN_UNDECLARED_SELECTOR = YES;
				GCC_WARN_UNINITIALIZED_AUTOS = YES_AGGRESSIVE;
				GCC_WARN_UNUSED_FUNCTION = YES;
				GCC_WARN_UNUSED_VARIABLE = YES;
				IPHONEOS_DEPLOYMENT_TARGET = 17.5;
				LOCALIZATION_PREFERS_STRING_CATALOGS = YES;
				MTL_ENABLE_DEBUG_INFO = NO;
				MTL_FAST_MATH = YES;
				SDKROOT = iphoneos;
				SWIFT_COMPILATION_MODE = wholemodule;
				VALIDATE_PRODUCT = YES;
			};
			name = Release;
		};
		6378661C2C59A29900F0B56E /* Debug */ = {
			isa = XCBuildConfiguration;
			buildSettings = {
				ASSETCATALOG_COMPILER_APPICON_NAME = AppIcon;
				ASSETCATALOG_COMPILER_GLOBAL_ACCENT_COLOR_NAME = AccentColor;
				CODE_SIGN_STYLE = Automatic;
				CURRENT_PROJECT_VERSION = 1;
				DEVELOPMENT_TEAM = 6G4333N2D5;
				GENERATE_INFOPLIST_FILE = YES;
				INFOPLIST_FILE = GithubProjectTutorial/Info.plist;
				INFOPLIST_KEY_UIApplicationSupportsIndirectInputEvents = YES;
				INFOPLIST_KEY_UILaunchStoryboardName = LaunchScreen;
				INFOPLIST_KEY_UISupportedInterfaceOrientations = UIInterfaceOrientationPortrait;
				INFOPLIST_KEY_UISupportedInterfaceOrientations_iPad = "UIInterfaceOrientationPortrait UIInterfaceOrientationPortraitUpsideDown";
				LD_RUNPATH_SEARCH_PATHS = (
					"$(inherited)",
					"@executable_path/Frameworks",
				);
				MARKETING_VERSION = 1.0;
				PRODUCT_BUNDLE_IDENTIFIER = com.app.architecture.GithubProjectTutorial;
				PRODUCT_NAME = "$(TARGET_NAME)";
				SWIFT_EMIT_LOC_STRINGS = YES;
				SWIFT_VERSION = 5.0;
				TARGETED_DEVICE_FAMILY = "1,2";
			};
			name = Debug;
		};
		6378661D2C59A29900F0B56E /* Release */ = {
			isa = XCBuildConfiguration;
			buildSettings = {
				ASSETCATALOG_COMPILER_APPICON_NAME = AppIcon;
				ASSETCATALOG_COMPILER_GLOBAL_ACCENT_COLOR_NAME = AccentColor;
				CODE_SIGN_STYLE = Automatic;
				CURRENT_PROJECT_VERSION = 1;
				DEVELOPMENT_TEAM = 6G4333N2D5;
				GENERATE_INFOPLIST_FILE = YES;
				INFOPLIST_FILE = GithubProjectTutorial/Info.plist;
				INFOPLIST_KEY_UIApplicationSupportsIndirectInputEvents = YES;
				INFOPLIST_KEY_UILaunchStoryboardName = LaunchScreen;
				INFOPLIST_KEY_UISupportedInterfaceOrientations = UIInterfaceOrientationPortrait;
				INFOPLIST_KEY_UISupportedInterfaceOrientations_iPad = "UIInterfaceOrientationPortrait UIInterfaceOrientationPortraitUpsideDown";
				LD_RUNPATH_SEARCH_PATHS = (
					"$(inherited)",
					"@executable_path/Frameworks",
				);
				MARKETING_VERSION = 1.0;
				PRODUCT_BUNDLE_IDENTIFIER = com.app.architecture.GithubProjectTutorial;
				PRODUCT_NAME = "$(TARGET_NAME)";
				SWIFT_EMIT_LOC_STRINGS = YES;
				SWIFT_VERSION = 5.0;
				TARGETED_DEVICE_FAMILY = "1,2";
			};
			name = Release;
		};
/* End XCBuildConfiguration section */

/* Begin XCConfigurationList section */
		637866022C59A29800F0B56E /* Build configuration list for PBXProject "GithubProjectTutorial" */ = {
			isa = XCConfigurationList;
			buildConfigurations = (
				637866192C59A29900F0B56E /* Debug */,
				6378661A2C59A29900F0B56E /* Release */,
			);
			defaultConfigurationIsVisible = 0;
			defaultConfigurationName = Release;
		};
		6378661B2C59A29900F0B56E /* Build configuration list for PBXNativeTarget "GithubProjectTutorial" */ = {
			isa = XCConfigurationList;
			buildConfigurations = (
				6378661C2C59A29900F0B56E /* Debug */,
				6378661D2C59A29900F0B56E /* Release */,
			);
			defaultConfigurationIsVisible = 0;
			defaultConfigurationName = Release;
		};
/* End XCConfigurationList section */
	};
	rootObject = 637865FF2C59A29800F0B56E /* Project object */;
}
